<?xml version="1.0" encoding="utf-8"?>
<Project ToolsVersion="4.0" xmlns="http://schemas.microsoft.com/developer/msbuild/2003">
  <ItemGroup>
    <Filter Include="Resource Files">
      <UniqueIdentifier>{67DA6AB6-F800-4c08-8B7A-83BB121AAD01}</UniqueIdentifier>
      <Extensions>qrc;rc;ico;cur;bmp;dlg;rc2;rct;bin;rgs;gif;jpg;jpeg;jpe;resx;tiff;tif;png;wav;mfcribbon-ms</Extensions>
    </Filter>
    <Filter Include="src_config">
      <UniqueIdentifier>{f1819ab3-7b91-4ea0-8ecc-aa8aa829fbb4}</UniqueIdentifier>
    </Filter>
    <Filter Include="src_data">
      <UniqueIdentifier>{a1b2c3d4-1111-2222-3333-444455556666}</UniqueIdentifier>
    </Filter>
    <Filter Include="src_data\dsn">
      <UniqueIdentifier>{a1b2c3d4-1111-2222-3333-444455556667}</UniqueIdentifier>
    </Filter>
    <Filter Include="src_paint">
      <UniqueIdentifier>{dfa68c81-3ba3-48ac-874b-2ac7f29efb3f}</UniqueIdentifier>
    </Filter>
    <Filter Include="src_paint\pages">
      <UniqueIdentifier>{a1b2c3d4-1111-2222-3333-444455556668}</UniqueIdentifier>
    </Filter>
    <Filter Include="src_paint\pages\dsn">
      <UniqueIdentifier>{a1b2c3d4-1111-2222-3333-444455556669}</UniqueIdentifier>
    </Filter>
    <Filter Include="src_panels">
      <UniqueIdentifier>{a1b2c3d4-1111-2222-3333-444455556670}</UniqueIdentifier>
    </Filter>
    <Filter Include="src_panels\panels">
      <UniqueIdentifier>{a1b2c3d4-1111-2222-3333-444455556671}</UniqueIdentifier>
    </Filter>
    <Filter Include="src_panels\panels\options">
      <UniqueIdentifier>{a1b2c3d4-1111-2222-3333-444455556672}</UniqueIdentifier>
    </Filter>
    <Filter Include="src_services">
      <UniqueIdentifier>{a1b2c3d4-1111-2222-3333-444455556673}</UniqueIdentifier>
    </Filter>
    <Filter Include="src_ui">
      <UniqueIdentifier>{4FC737F1-C7A5-4376-A066-2A32D752A2FF}</UniqueIdentifier>
      <Extensions>qml;cpp;c;cc;cxx;def;odl;idl;hpj;bat;asm;asmx</Extensions>
    </Filter>
    <Filter Include="src_algorithms">
      <UniqueIdentifier>{5cf3074b-f6a6-4fbb-8213-dfa16d7500b7}</UniqueIdentifier>
    </Filter>
    <Filter Include="src_algorithms\src_basics">
      <UniqueIdentifier>{f4680262-2063-483c-a4ef-e0ac80c60f9b}</UniqueIdentifier>
    </Filter>
    <Filter Include="src_algorithms\src_dsn">
      <UniqueIdentifier>{43ac68c8-18f1-4e77-906b-ecafc37d109d}</UniqueIdentifier>
    </Filter>
  </ItemGroup>
  <ItemGroup>
    <ClCompile Include="src_config\AppConfig.cpp">
      <Filter>src_config</Filter>
    </ClCompile>
    <ClCompile Include="src_config\ConfigManager.cpp">
      <Filter>src_config</Filter>
    </ClCompile>
    <ClCompile Include="src_data\dataStructUI.cpp">
      <Filter>src_data</Filter>
    </ClCompile>
    <ClCompile Include="src_data\dsn\DataParser_dsn.cpp">
      <Filter>src_data\dsn</Filter>
    </ClCompile>
    <ClCompile Include="src_paint\Diagram.cpp">
      <Filter>src_paint</Filter>
    </ClCompile>
    <ClCompile Include="src_paint\DiagramStyle.cpp">
      <Filter>src_paint</Filter>
    </ClCompile>
    <ClCompile Include="src_paint\TabPageBase.cpp">
      <Filter>src_paint</Filter>
    </ClCompile>
    <ClCompile Include="src_paint\TabPageRegister.cpp">
      <Filter>src_paint</Filter>
    </ClCompile>
    <ClCompile Include="src_paint\pages\dsn\TabPage_dsn.cpp">
      <Filter>src_paint\pages\dsn</Filter>
    </ClCompile>
    <ClCompile Include="src_panels\PanelBase.cpp">
      <Filter>src_panels</Filter>
    </ClCompile>
    <ClCompile Include="src_panels\PanelManager.cpp">
      <Filter>src_panels</Filter>
    </ClCompile>
    <ClCompile Include="src_panels\panels\options\OptionsPanel.cpp">
      <Filter>src_panels\panels\options</Filter>
    </ClCompile>
    <ClCompile Include="src_services\RoutingController.cpp">
      <Filter>src_services</Filter>
    </ClCompile>
    <ClCompile Include="src_ui\GeoDisplay.cpp">
      <Filter>src_ui</Filter>
    </ClCompile>
    <ClCompile Include="src_ui\setupMenuBar.cpp">
      <Filter>src_ui</Filter>
    </ClCompile>
    <ClCompile Include="src_ui\setupPanels.cpp">
      <Filter>src_ui</Filter>
    </ClCompile>
    <ClCompile Include="src_ui\setupTabWidget.cpp">
      <Filter>src_ui</Filter>
    </ClCompile>
    <ClCompile Include="src_ui\setupToolBar.cpp">
      <Filter>src_ui</Filter>
    </ClCompile>
    <ClCompile Include="src_algorithms\src_basics\dataStructAlg.cpp">
      <Filter>src_algorithms\src_basics</Filter>
    </ClCompile>
    <ClCompile Include="src_algorithms\src_basics\utils.cpp">
      <Filter>src_algorithms\src_basics</Filter>
    </ClCompile>
    <ClCompile Include="src_algorithms\src_basics\RouterFactory.cpp">
      <Filter>src_algorithms\src_basics</Filter>
    </ClCompile>
    <ClCompile Include="src_algorithms\src_dsn\RouterMeshless.cpp">
      <Filter>src_algorithms\src_dsn</Filter>
    </ClCompile>
    <ClCompile Include="src_algorithms\src_dsn\MST.cpp">
      <Filter>src_algorithms\src_dsn</Filter>
    </ClCompile>
    <ClCompile Include="main.cpp" />
  </ItemGroup>
  <ItemGroup>
    <QtUic Include="src_ui\GeoDisplay.ui">
      <Filter>src_ui</Filter>
    </QtUic>
    <QtUic Include="src_panels\panels\options\OptionsPanel.ui">
      <Filter>src_panels\panels\options</Filter>
    </QtUic>
  </ItemGroup>
  <ItemGroup>
    <QtMoc Include="src_ui\GeoDisplay.h">
      <Filter>src_ui</Filter>
    </QtMoc>
    <QtMoc Include="src_panels\panels\options\OptionsPanel.h">
      <Filter>src_panels\panels\options</Filter>
    </QtMoc>
    <QtMoc Include="src_paint\Diagram.h">
      <Filter>src_paint</Filter>
    </QtMoc>
    <QtMoc Include="src_paint\TabPageBase.h">
      <Filter>src_paint</Filter>
    </QtMoc>
    <QtMoc Include="src_paint\pages\dsn\TabPage_dsn.h">
      <Filter>src_paint\pages\dsn</Filter>
    </QtMoc>
    <QtMoc Include="src_panels\PanelBase.h">
      <Filter>src_panels</Filter>
    </QtMoc>
  </ItemGroup>
  <ItemGroup>
    <ClInclude Include="src_config\AppConfig.h">
      <Filter>src_config</Filter>
    </ClInclude>
    <ClInclude Include="src_config\ConfigBase.h">
      <Filter>src_config</Filter>
    </ClInclude>
    <ClInclude Include="src_config\ConfigManager.h">
      <Filter>src_config</Filter>
    </ClInclude>
    <ClInclude Include="src_data\DataBase.h">
      <Filter>src_data</Filter>
    </ClInclude>
    <ClInclude Include="src_data\DataParserBase.h">
      <Filter>src_data</Filter>
    </ClInclude>
    <ClInclude Include="src_data\DiagramDataBase.h">
      <Filter>src_data</Filter>
    </ClInclude>
    <ClInclude Include="src_data\dataStructUI.h">
      <Filter>src_data</Filter>
    </ClInclude>
    <ClInclude Include="src_data\dsn\Data_dsn.h">
      <Filter>src_data\dsn</Filter>
    </ClInclude>
    <ClInclude Include="src_data\dsn\DataParser_dsn.h">
      <Filter>src_data\dsn</Filter>
    </ClInclude>
    <ClInclude Include="src_data\dsn\Style_dsn.h">
      <Filter>src_data\dsn</Filter>
    </ClInclude>
    <ClInclude Include="src_paint\DiagramStyle.h">
      <Filter>src_paint</Filter>
    </ClInclude>
    <ClInclude Include="src_panels\PanelManager.h">
      <Filter>src_panels</Filter>
    </ClInclude>
    <ClInclude Include="src_services\RoutingController.h">
      <Filter>src_services</Filter>
    </ClInclude>
    <ClInclude Include="src_algorithms\src_basics\dataStructAlg.h">
      <Filter>src_algorithms\src_basics</Filter>
    </ClInclude>
    <ClInclude Include="src_algorithms\src_basics\utils.h">
      <Filter>src_algorithms\src_basics</Filter>
    </ClInclude>
    <ClInclude Include="src_algorithms\src_basics\RouterBase.h">
      <Filter>src_algorithms\src_basics</Filter>
    </ClInclude>
    <ClInclude Include="src_algorithms\src_basics\SteinerSolverBase.h">
      <Filter>src_algorithms\src_basics</Filter>
    </ClInclude>
    <ClInclude Include="src_algorithms\src_basics\RouterFactory.h">
      <Filter>src_algorithms\src_basics</Filter>
    </ClInclude>
    <ClInclude Include="src_algorithms\src_dsn\RouterMeshless.h">
      <Filter>src_algorithms\src_dsn</Filter>
    </ClInclude>
    <ClInclude Include="src_algorithms\src_dsn\MST.h">
      <Filter>src_algorithms\src_dsn</Filter>
    </ClInclude>
    <ClInclude Include="src_algorithms\src_dsn\Grid.h">
      <Filter>src_algorithms\src_dsn</Filter>
    </ClInclude>
    <ClInclude Include="src_algorithms\src_dsn\RoutingNode.h">
      <Filter>src_algorithms\src_dsn</Filter>
    </ClInclude>
  </ItemGroup>
  <ItemGroup>
    <QtRcc Include="src_ui\GeoDisplay.qrc">
      <Filter>Resource Files</Filter>
    </QtRcc>
  </ItemGroup>
  <ItemGroup>
    <None Include=".gitignore" />
    <None Include="README.md" />
  </ItemGroup>
</Project>